{
  "name": "backend",
  "lockfileVersion": 3,
  "requires": true,
  "packages": {
    "": {
      "dependencies": {
        "plotly.js-dist-min": "^3.5.1"
      }
    },
    "node_modules/plotly.js-dist-min": {
      "version": "3.5.1",
      "resolved": "https://registry.npmjs.org/plotly.js-dist-min/-/plotly.js-dist-min-3.5.1.tgz",
      "integrity": "sha512-N2R4RXKFSRTapdMc/+CDIbvcgFk3HNhs3tR6cKK499tNrSo7C3X7p20Wqi7qpf03s+3oH+DC/hDINYlsE8hxxA==",
      "license": "MIT"
    }
  }
}
